{
  "name": "npm",
  "lockfileVersion": 2,
  "requires": true,
  "packages": {
    "": {
      "dependencies": {
        "is-odd": "^3.0.1"
      }
    },
    "node_modules/is-number": {
      "version": "6.0.0",
      "resolved": "https://unpm.uberinternal.com/is-number/-/is-number-6.0.0.tgz",
      "integrity": "sha1-5tFa0x/CYoh8zPIXrl+TFvgbGZU=",
      "license": "MIT",
      "engines": {
        "node": ">=0.10.0"
      }
    },
    "node_modules/is-odd": {
      "version": "3.0.1",
      "resolved": "https://unpm.uberinternal.com/is-odd/-/is-odd-3.0.1.tgz",
      "integrity": "sha1-ZRAbrzcn1yi2b6YvUM2n8tOYlgE=",
      "license": "MIT",
      "dependencies": {
        "is-number": "^6.0.0"
      },
      "engines": {
        "node": ">=4"
      }
    }
  },
  "dependencies": {
    "is-number": {
      "version": "6.0.0",
      "resolved": "https://unpm.uberinternal.com/is-number/-/is-number-6.0.0.tgz",
      "integrity": "sha1-5tFa0x/CYoh8zPIXrl+TFvgbGZU="
    },
    "is-odd": {
      "version": "3.0.1",
      "resolved": "https://unpm.uberinternal.com/is-odd/-/is-odd-3.0.1.tgz",
      "integrity": "sha1-ZRAbrzcn1yi2b6YvUM2n8tOYlgE=",
      "requires": {
        "is-number": "^6.0.0"
      }
    }
  }
}
